{
  "pins" : [
    {
      "identity" : "swifttreesitter",
      "kind" : "remoteSourceControl",
      "location" : "https://github.com/ChimeHQ/SwiftTreeSitter.git",
      "state" : {
        "revision" : "3b1599ba9f466d8269cea2474beb5c9f0a3d7a5e",
        "version" : "0.7.0"
      }
    }
  ],
  "version" : 2
}
