{
  "pins" : [
    {
      "identity" : "swift-docc-plugin",
      "kind" : "remoteSourceControl",
      "location" : "https://github.com/apple/swift-docc-plugin.git",
      "state" : {
        "revision" : "3303b164430d9a7055ba484c8ead67a52f7b74f6",
        "version" : "1.0.0"
      }
    },
    {
      "identity" : "swifttreesitter",
      "kind" : "remoteSourceControl",
      "location" : "https://github.com/ChimeHQ/SwiftTreeSitter.git",
      "state" : {
        "revision" : "3b1599ba9f466d8269cea2474beb5c9f0a3d7a5e",
        "version" : "0.7.0"
      }
    },
    {
      "identity" : "tree-sitter-bash",
      "kind" : "remoteSourceControl",
      "location" : "https://github.com/tree-sitter/tree-sitter-bash.git",
      "state" : {
        "branch" : "master",
        "revision" : "77cf8a7cab8904baf1a721762e012644ac1d4c7b"
      }
    },
    {
      "identity" : "tree-sitter-c",
      "kind" : "remoteSourceControl",
      "location" : "https://github.com/tree-sitter/tree-sitter-c.git",
      "state" : {
        "branch" : "master",
        "revision" : "7175a6dd5fc1cee660dce6fe23f6043d75af424a"
      }
    },
    {
      "identity" : "tree-sitter-c-sharp",
      "kind" : "remoteSourceControl",
      "location" : "https://github.com/tree-sitter/tree-sitter-c-sharp.git",
      "state" : {
        "branch" : "master",
        "revision" : "aa65ad51f04e4c9d41dce117597f2b4d24a16bfb"
      }
    },
    {
      "identity" : "tree-sitter-cpp",
      "kind" : "remoteSourceControl",
      "location" : "https://github.com/tree-sitter/tree-sitter-cpp.git",
      "state" : {
        "branch" : "master",
        "revision" : "5ead1e26c6ab71919db0f1880c46a278a93bc5ea"
      }
    },
    {
      "identity" : "tree-sitter-css",
      "kind" : "remoteSourceControl",
      "location" : "https://github.com/lukepistrol/tree-sitter-css.git",
      "state" : {
        "branch" : "feature/spm",
        "revision" : "459ca2a2630109894a3286b543c3e5fcf1cf9ad6"
      }
    },
    {
      "identity" : "tree-sitter-elixir",
      "kind" : "remoteSourceControl",
      "location" : "https://github.com/elixir-lang/tree-sitter-elixir.git",
      "state" : {
        "branch" : "main",
        "revision" : "b20eaa75565243c50be5e35e253d8beb58f45d56"
      }
    },
    {
      "identity" : "tree-sitter-go",
      "kind" : "remoteSourceControl",
      "location" : "https://github.com/tree-sitter/tree-sitter-go.git",
      "state" : {
        "branch" : "master",
        "revision" : "05900faa3cdb5d2d8c8bd5e77ee698487e0a8611"
      }
    },
    {
      "identity" : "tree-sitter-go-mod",
      "kind" : "remoteSourceControl",
      "location" : "https://github.com/camdencheek/tree-sitter-go-mod.git",
      "state" : {
        "branch" : "main",
        "revision" : "4a65743dbc2bb3094114dd2b43da03c820aa5234"
      }
    },
    {
      "identity" : "tree-sitter-haskell",
      "kind" : "remoteSourceControl",
      "location" : "https://github.com/tree-sitter/tree-sitter-haskell.git",
      "state" : {
        "branch" : "master",
        "revision" : "bee6b49543e34c2967c6294a4b05e8bd2bf2da59"
      }
    },
    {
      "identity" : "tree-sitter-html",
      "kind" : "remoteSourceControl",
      "location" : "https://github.com/mattmassicotte/tree-sitter-html.git",
      "state" : {
        "branch" : "feature/spm",
        "revision" : "68b8bed0c1ebecbaf1919d0a7ae4b27592e6cc45"
      }
    },
    {
      "identity" : "tree-sitter-java",
      "kind" : "remoteSourceControl",
      "location" : "https://github.com/tree-sitter/tree-sitter-java.git",
      "state" : {
        "branch" : "master",
        "revision" : "09d650def6cdf7f479f4b78f595e9ef5b58ce31e"
      }
    },
    {
      "identity" : "tree-sitter-javascript",
      "kind" : "remoteSourceControl",
      "location" : "https://github.com/tree-sitter/tree-sitter-javascript.git",
      "state" : {
        "branch" : "master",
        "revision" : "936d976a782e75395d9b1c8c7c7bf4ba6fe0d86b"
      }
    },
    {
      "identity" : "tree-sitter-json",
      "kind" : "remoteSourceControl",
      "location" : "https://github.com/tree-sitter/tree-sitter-json.git",
      "state" : {
        "branch" : "master",
        "revision" : "73076754005a460947cafe8e03a8cf5fa4fa2938"
      }
    },
    {
      "identity" : "tree-sitter-php",
      "kind" : "remoteSourceControl",
      "location" : "https://github.com/tree-sitter/tree-sitter-php.git",
      "state" : {
        "branch" : "master",
        "revision" : "ab2e72179ceb8bb0b249c8ac9162a148e911b3dc"
      }
    },
    {
      "identity" : "tree-sitter-python",
      "kind" : "remoteSourceControl",
      "location" : "https://github.com/lukepistrol/tree-sitter-python.git",
      "state" : {
        "branch" : "feature/spm",
        "revision" : "59316301dd0ebaf3771cdd5735cbe92378852680"
      }
    },
    {
      "identity" : "tree-sitter-ruby",
      "kind" : "remoteSourceControl",
      "location" : "https://github.com/tree-sitter/tree-sitter-ruby.git",
      "state" : {
        "branch" : "master",
        "revision" : "c91960320d0f337bdd48308a8ad5500bd2616979"
      }
    },
    {
      "identity" : "tree-sitter-rust",
      "kind" : "remoteSourceControl",
      "location" : "https://github.com/tree-sitter/tree-sitter-rust.git",
      "state" : {
        "branch" : "master",
        "revision" : "0431a2c60828731f27491ee9fdefe25e250ce9c9"
      }
    },
    {
      "identity" : "tree-sitter-swift",
      "kind" : "remoteSourceControl",
      "location" : "https://github.com/alex-pinkus/tree-sitter-swift.git",
      "state" : {
        "branch" : "with-generated-files",
        "revision" : "50b8c5e61c29fa30e760c7a1cbf24b59970e6233"
      }
    },
    {
      "identity" : "tree-sitter-yaml",
      "kind" : "remoteSourceControl",
      "location" : "https://github.com/mattmassicotte/tree-sitter-yaml.git",
      "state" : {
        "branch" : "feature/spm",
        "revision" : "bd633dc67bd71934961610ca8bd832bf2153883e"
      }
    },
    {
      "identity" : "tree-sitter-zig",
      "kind" : "remoteSourceControl",
      "location" : "https://github.com/maxxnino/tree-sitter-zig.git",
      "state" : {
        "branch" : "main",
        "revision" : "d90d38d28ce8cc27bfea8b4e0c75211e9e2398ca"
      }
    }
  ],
  "version" : 2
}
