{
  "pins" : [
    {
      "identity" : "swifttreesitter",
      "kind" : "remoteSourceControl",
      "location" : "https://github.com/ChimeHQ/SwiftTreeSitter.git",
      "state" : {
        "revision" : "2599e95310b3159641469d8a21baf2d3d200e61f",
        "version" : "0.8.0"
      }
    },
    {
      "identity" : "tree-sitter-agda",
      "kind" : "remoteSourceControl",
      "location" : "https://github.com/cengelbart39/tree-sitter-agda.git",
      "state" : {
        "branch" : "feat/spm",
        "revision" : "076e015d084867a3f367fce3c23dee09fb666eb2"
      }
    },
    {
      "identity" : "tree-sitter-bash",
      "kind" : "remoteSourceControl",
      "location" : "https://github.com/tree-sitter/tree-sitter-bash.git",
      "state" : {
        "branch" : "master",
        "revision" : "f7239f638d3dc16762563a9027faeee518ce1bd9"
      }
    },
    {
      "identity" : "tree-sitter-c",
      "kind" : "remoteSourceControl",
      "location" : "https://github.com/tree-sitter/tree-sitter-c.git",
      "state" : {
        "branch" : "master",
        "revision" : "212a80f86452bb1316324fa0db730cf52f29e05a"
      }
    },
    {
      "identity" : "tree-sitter-c-sharp",
      "kind" : "remoteSourceControl",
      "location" : "https://github.com/tree-sitter/tree-sitter-c-sharp.git",
      "state" : {
        "branch" : "master",
        "revision" : "dd5e59721a5f8dae34604060833902b882023aaf"
      }
    },
    {
      "identity" : "tree-sitter-cpp",
      "kind" : "remoteSourceControl",
      "location" : "https://github.com/tree-sitter/tree-sitter-cpp.git",
      "state" : {
        "branch" : "master",
        "revision" : "a71474021410973b29bfe99440d57bcd750246b1"
      }
    },
    {
      "identity" : "tree-sitter-css",
      "kind" : "remoteSourceControl",
      "location" : "https://github.com/tree-sitter/tree-sitter-css",
      "state" : {
        "branch" : "master",
        "revision" : "98c7b3dceb24f1ee17f1322f3947e55638251c37"
      }
    },
    {
      "identity" : "tree-sitter-dart",
      "kind" : "remoteSourceControl",
      "location" : "https://github.com/lukepistrol/tree-sitter-dart.git",
      "state" : {
        "branch" : "feature/spm",
        "revision" : "38d41b085dfbea84e940ef756a69485c71e403d0"
      }
    },
    {
      "identity" : "tree-sitter-dockerfile",
      "kind" : "remoteSourceControl",
      "location" : "https://github.com/camdencheek/tree-sitter-dockerfile.git",
      "state" : {
        "branch" : "main",
        "revision" : "33e22c33bcdbfc33d42806ee84cfd0b1248cc392"
      }
    },
    {
      "identity" : "tree-sitter-elixir",
      "kind" : "remoteSourceControl",
      "location" : "https://github.com/elixir-lang/tree-sitter-elixir.git",
      "state" : {
        "branch" : "main",
        "revision" : "11426c5fd20eef360d5ecaf10729191f6bc5d715"
      }
    },
    {
      "identity" : "tree-sitter-go",
      "kind" : "remoteSourceControl",
      "location" : "https://github.com/tree-sitter/tree-sitter-go.git",
      "state" : {
        "branch" : "master",
        "revision" : "ff86c7f1734873c8c4874ca4dd95603695686d7a"
      }
    },
    {
      "identity" : "tree-sitter-go-mod",
      "kind" : "remoteSourceControl",
      "location" : "https://github.com/camdencheek/tree-sitter-go-mod.git",
      "state" : {
        "branch" : "main",
        "revision" : "bbe2fe3be4b87e06a613e685250f473d2267f430"
      }
    },
    {
      "identity" : "tree-sitter-haskell",
      "kind" : "remoteSourceControl",
      "location" : "https://github.com/tree-sitter/tree-sitter-haskell.git",
      "state" : {
        "branch" : "master",
        "revision" : "dd924b8df1eb76261f009e149fc6f3291c5081c2"
      }
    },
    {
      "identity" : "tree-sitter-html",
      "kind" : "remoteSourceControl",
      "location" : "https://github.com/tree-sitter/tree-sitter-html.git",
      "state" : {
        "branch" : "master",
        "revision" : "d742025fa2d8e6100f134a6ea990443aa1f074b3"
      }
    },
    {
      "identity" : "tree-sitter-java",
      "kind" : "remoteSourceControl",
      "location" : "https://github.com/tree-sitter/tree-sitter-java.git",
      "state" : {
        "branch" : "master",
        "revision" : "2b57cd9541f9fd3a89207d054ce8fbe72657c444"
      }
    },
    {
      "identity" : "tree-sitter-javascript",
      "kind" : "remoteSourceControl",
      "location" : "https://github.com/tree-sitter/tree-sitter-javascript.git",
      "state" : {
        "branch" : "master",
        "revision" : "f1e5a09b8d02f8209a68249c93f0ad647b228e6e"
      }
    },
    {
      "identity" : "tree-sitter-jsdoc",
      "kind" : "remoteSourceControl",
      "location" : "https://github.com/tree-sitter/tree-sitter-jsdoc.git",
      "state" : {
        "branch" : "master",
        "revision" : "d01984de49927c979b46ea5c01b78c8ddd79baf9"
      }
    },
    {
      "identity" : "tree-sitter-json",
      "kind" : "remoteSourceControl",
      "location" : "https://github.com/tree-sitter/tree-sitter-json.git",
      "state" : {
        "branch" : "master",
        "revision" : "3fef30de8aee74600f25ec2e319b62a1a870d51e"
      }
    },
    {
      "identity" : "tree-sitter-julia",
      "kind" : "remoteSourceControl",
      "location" : "https://github.com/tree-sitter/tree-sitter-julia.git",
      "state" : {
        "branch" : "master",
        "revision" : "0c088d1ad270f02c4e84189247ac7001e86fe342"
      }
    },
    {
      "identity" : "tree-sitter-kotlin",
      "kind" : "remoteSourceControl",
      "location" : "https://github.com/lukepistrol/tree-sitter-kotlin",
      "state" : {
        "branch" : "feature/spm-queries",
        "revision" : "e32e32678449efaeccd908e41ed6b27ec8c9d2cf"
      }
    },
    {
      "identity" : "tree-sitter-lua",
      "kind" : "remoteSourceControl",
      "location" : "https://github.com/lukepistrol/tree-sitter-lua.git",
      "state" : {
        "branch" : "feature/spm",
        "revision" : "47d56065016862b85ad327d6976b1e664e1c034b"
      }
    },
    {
      "identity" : "tree-sitter-markdown",
      "kind" : "remoteSourceControl",
      "location" : "https://github.com/MDeiml/tree-sitter-markdown",
      "state" : {
        "revision" : "fa6bfd51727e4bef99f7eec5f43947f73d64ea7d",
        "version" : "0.1.5"
      }
    },
    {
      "identity" : "tree-sitter-objc",
      "kind" : "remoteSourceControl",
      "location" : "https://github.com/lukepistrol/tree-sitter-objc",
      "state" : {
        "branch" : "feature/spm",
        "revision" : "1b54ef0b5efddddf393b45e173788499cc572048"
      }
    },
    {
      "identity" : "tree-sitter-ocaml",
      "kind" : "remoteSourceControl",
      "location" : "https://github.com/tree-sitter/tree-sitter-ocaml.git",
      "state" : {
        "branch" : "master",
        "revision" : "4abfdc1c7af2c6c77a370aee974627be1c285b3b"
      }
    },
    {
      "identity" : "tree-sitter-perl",
      "kind" : "remoteSourceControl",
      "location" : "https://github.com/ganezdragon/tree-sitter-perl.git",
      "state" : {
        "branch" : "master",
        "revision" : "15a6914b9b891974c888ba7bf6c432665b920a3f"
      }
    },
    {
      "identity" : "tree-sitter-php",
      "kind" : "remoteSourceControl",
      "location" : "https://github.com/tree-sitter/tree-sitter-php.git",
      "state" : {
        "branch" : "master",
        "revision" : "b569a5f2c0d592e67430520d1a0e1f765d83ceb0"
      }
    },
    {
      "identity" : "tree-sitter-python",
      "kind" : "remoteSourceControl",
      "location" : "https://github.com/tree-sitter/tree-sitter-python.git",
      "state" : {
        "branch" : "master",
        "revision" : "4bfdd9033a2225cc95032ce77066b7aeca9e2efc"
      }
    },
    {
      "identity" : "tree-sitter-regex",
      "kind" : "remoteSourceControl",
      "location" : "https://github.com/thecoolwinter/tree-sitter-regex/",
      "state" : {
        "branch" : "feature/spm",
        "revision" : "bcdbf846fa8cfce0d28971d43199e52c1e365aa7"
      }
    },
    {
      "identity" : "tree-sitter-ruby",
      "kind" : "remoteSourceControl",
      "location" : "https://github.com/tree-sitter/tree-sitter-ruby.git",
      "state" : {
        "branch" : "master",
        "revision" : "4d9ad3f010fdc47a8433adcf9ae30c8eb8475ae7"
      }
    },
    {
      "identity" : "tree-sitter-rust",
      "kind" : "remoteSourceControl",
      "location" : "https://github.com/tree-sitter/tree-sitter-rust.git",
      "state" : {
        "branch" : "master",
        "revision" : "79456e6080f50fc1ca7c21845794308fa5d35a51"
      }
    },
    {
      "identity" : "tree-sitter-scala",
      "kind" : "remoteSourceControl",
      "location" : "https://github.com/tree-sitter/tree-sitter-scala.git",
      "state" : {
        "branch" : "master",
        "revision" : "45b5ba0e749a8477a8fd2666f082f352859bdc3c"
      }
    },
    {
      "identity" : "tree-sitter-sql",
      "kind" : "remoteSourceControl",
      "location" : "https://github.com/DerekStride/tree-sitter-sql.git",
      "state" : {
        "branch" : "gh-pages",
        "revision" : "fd70fb358d164cd93fbe2674a9cca276dc5203f7"
      }
    },
    {
      "identity" : "tree-sitter-swift",
      "kind" : "remoteSourceControl",
      "location" : "https://github.com/alex-pinkus/tree-sitter-swift.git",
      "state" : {
        "branch" : "with-generated-files",
        "revision" : "eda05af7ac41adb4eb19c346883c0fa32fe3bdd8"
      }
    },
    {
      "identity" : "tree-sitter-toml",
      "kind" : "remoteSourceControl",
      "location" : "https://github.com/cengelbart39/tree-sitter-toml.git",
      "state" : {
        "branch" : "feature/spm",
        "revision" : "28db724e8e30920638b46d408c0fbac007ac6a62"
      }
    },
    {
      "identity" : "tree-sitter-typescript",
      "kind" : "remoteSourceControl",
      "location" : "https://github.com/tree-sitter/tree-sitter-typescript.git",
      "state" : {
        "branch" : "master",
        "revision" : "d847898fec3fe596798c9fda55cb8c05a799001a"
      }
    },
    {
      "identity" : "tree-sitter-verilog",
      "kind" : "remoteSourceControl",
      "location" : "https://github.com/tree-sitter/tree-sitter-verilog.git",
      "state" : {
        "branch" : "master",
        "revision" : "902031343056bc0b11f3e47b33f036a9cf59f58d"
      }
    },
    {
      "identity" : "tree-sitter-yaml",
      "kind" : "remoteSourceControl",
      "location" : "https://github.com/lukepistrol/tree-sitter-yaml.git",
      "state" : {
        "branch" : "feature/spm",
        "revision" : "1e4bf920c1f43cea89c8858ed5e0c10b098bb2b0"
      }
    },
    {
      "identity" : "tree-sitter-zig",
      "kind" : "remoteSourceControl",
      "location" : "https://github.com/maxxnino/tree-sitter-zig.git",
      "state" : {
        "branch" : "main",
        "revision" : "0d08703e4c3f426ec61695d7617415fff97029bd"
      }
    }
  ],
  "version" : 2
}
