// !$*UTF8*$!
{
	archiveVersion = 1;
	classes = {
	};
	objectVersion = 56;
	objects = {

/* Begin PBXFileReference section */
		28B3F00F290C207D000CD04D /* CodeLanguages_Container.h */ = {isa = PBXFileReference; lastKnownFileType = sourcecode.c.h; path = CodeLanguages_Container.h; sourceTree = "<group>"; };
		28B3F017290C2097000CD04D /* CodeEditLanguages */ = {isa = PBXFileReference; lastKnownFileType = wrapper; name = CodeEditLanguages; path = ..; sourceTree = "<group>"; };
/* End PBXFileReference section */

/* Begin PBXGroup section */
		28B3F002290C207D000CD04D = {
			isa = PBXGroup;
			children = (
				28B3F016290C2097000CD04D /* Packages */,
				28B3F00E290C207D000CD04D /* CodeLanguages-Container */,
				28B3F00D290C207D000CD04D /* Products */,
				28B3F018290C20CF000CD04D /* Frameworks */,
			);
			sourceTree = "<group>";
		};
		28B3F00D290C207D000CD04D /* Products */ = {
			isa = PBXGroup;
			children = (
			);
			name = Products;
			sourceTree = "<group>";
		};
		28B3F00E290C207D000CD04D /* CodeLanguages-Container */ = {
			isa = PBXGroup;
			children = (
				28B3F00F290C207D000CD04D /* CodeLanguages_Container.h */,
			);
			path = "CodeLanguages-Container";
			sourceTree = "<group>";
		};
		28B3F016290C2097000CD04D /* Packages */ = {
			isa = PBXGroup;
			children = (
				28B3F017290C2097000CD04D /* CodeEditLanguages */,
			);
			name = Packages;
			sourceTree = "<group>";
		};
		28B3F018290C20CF000CD04D /* Frameworks */ = {
			isa = PBXGroup;
			children = (
			);
			name = Frameworks;
			sourceTree = "<group>";
		};
/* End PBXGroup section */

/* Begin PBXProject section */
		28B3F003290C207D000CD04D /* Project object */ = {
			isa = PBXProject;
			attributes = {
				BuildIndependentTargetsInParallel = 1;
				LastUpgradeCheck = 1410;
			};
			buildConfigurationList = 28B3F006290C207D000CD04D /* Build configuration list for PBXProject "CodeLanguages-Container" */;
			compatibilityVersion = "Xcode 14.0";
			developmentRegion = en;
			hasScannedForEncodings = 0;
			knownRegions = (
				en,
				Base,
			);
			mainGroup = 28B3F002290C207D000CD04D;
			packageReferences = (
				28B3F02B290C35D9000CD04D /* XCRemoteSwiftPackageReference "tree-sitter-c" */,
				28B3F02E290C35F9000CD04D /* XCRemoteSwiftPackageReference "tree-sitter-cpp" */,
				28B3F031290C3608000CD04D /* XCRemoteSwiftPackageReference "tree-sitter-c-sharp" */,
				28B3F034290C361D000CD04D /* XCRemoteSwiftPackageReference "tree-sitter-css" */,
				28B3F037290C362C000CD04D /* XCRemoteSwiftPackageReference "tree-sitter-elixir" */,
				28B3F03A290C363E000CD04D /* XCRemoteSwiftPackageReference "tree-sitter-go" */,
				28B3F03D290C364D000CD04D /* XCRemoteSwiftPackageReference "tree-sitter-go-mod" */,
				28B3F040290C365C000CD04D /* XCRemoteSwiftPackageReference "tree-sitter-haskell" */,
				28B3F043290C366D000CD04D /* XCRemoteSwiftPackageReference "tree-sitter-html" */,
				28B3F046290C367C000CD04D /* XCRemoteSwiftPackageReference "tree-sitter-java" */,
				28B3F049290C368B000CD04D /* XCRemoteSwiftPackageReference "tree-sitter-javascript" */,
				28B3F04C290C3698000CD04D /* XCRemoteSwiftPackageReference "tree-sitter-json" */,
				28B3F04F290C36B1000CD04D /* XCRemoteSwiftPackageReference "tree-sitter-php" */,
				28B3F052290C36C5000CD04D /* XCRemoteSwiftPackageReference "tree-sitter-python" */,
				28B3F055290C36D5000CD04D /* XCRemoteSwiftPackageReference "tree-sitter-ruby" */,
				28B3F058290C36E5000CD04D /* XCRemoteSwiftPackageReference "tree-sitter-rust" */,
				28B3F05B290C3709000CD04D /* XCRemoteSwiftPackageReference "tree-sitter-swift" */,
				28B3F061290C372D000CD04D /* XCRemoteSwiftPackageReference "tree-sitter-zig" */,
				28B9F7A6290DDAB500245748 /* XCRemoteSwiftPackageReference "tree-sitter-bash" */,
				2846B260296BA1CF005F60B6 /* XCRemoteSwiftPackageReference "tree-sitter-dockerfile" */,
				282E5975298051980064B34A /* XCRemoteSwiftPackageReference "tree-sitter-yaml" */,
				2886C786298135540023E016 /* XCRemoteSwiftPackageReference "tree-sitter-kotlin" */,
				28171CB629814CD800523F1C /* XCRemoteSwiftPackageReference "tree-sitter-objc" */,
				9D6DA3B6298F1A4500E69066 /* XCRemoteSwiftPackageReference "tree-sitter-ocaml" */,
				853C9FA229AA60CE00D2F18A /* XCRemoteSwiftPackageReference "tree-sitter-toml" */,
			);
			productRefGroup = 28B3F00D290C207D000CD04D /* Products */;
			projectDirPath = "";
			projectRoot = "";
			targets = (
			);
		};
/* End PBXProject section */

/* Begin XCBuildConfiguration section */
		28B3F011290C207D000CD04D /* Debug */ = {
			isa = XCBuildConfiguration;
			buildSettings = {
				ALWAYS_SEARCH_USER_PATHS = NO;
				CLANG_ANALYZER_NONNULL = YES;
				CLANG_ANALYZER_NUMBER_OBJECT_CONVERSION = YES_AGGRESSIVE;
				CLANG_CXX_LANGUAGE_STANDARD = "gnu++20";
				CLANG_ENABLE_MODULES = YES;
				CLANG_ENABLE_OBJC_ARC = YES;
				CLANG_ENABLE_OBJC_WEAK = YES;
				CLANG_WARN_BLOCK_CAPTURE_AUTORELEASING = YES;
				CLANG_WARN_BOOL_CONVERSION = YES;
				CLANG_WARN_COMMA = YES;
				CLANG_WARN_CONSTANT_CONVERSION = YES;
				CLANG_WARN_DEPRECATED_OBJC_IMPLEMENTATIONS = YES;
				CLANG_WARN_DIRECT_OBJC_ISA_USAGE = YES_ERROR;
				CLANG_WARN_DOCUMENTATION_COMMENTS = YES;
				CLANG_WARN_EMPTY_BODY = YES;
				CLANG_WARN_ENUM_CONVERSION = YES;
				CLANG_WARN_INFINITE_RECURSION = YES;
				CLANG_WARN_INT_CONVERSION = YES;
				CLANG_WARN_NON_LITERAL_NULL_CONVERSION = YES;
				CLANG_WARN_OBJC_IMPLICIT_RETAIN_SELF = YES;
				CLANG_WARN_OBJC_LITERAL_CONVERSION = YES;
				CLANG_WARN_OBJC_ROOT_CLASS = YES_ERROR;
				CLANG_WARN_QUOTED_INCLUDE_IN_FRAMEWORK_HEADER = YES;
				CLANG_WARN_RANGE_LOOP_ANALYSIS = YES;
				CLANG_WARN_STRICT_PROTOTYPES = YES;
				CLANG_WARN_SUSPICIOUS_MOVE = YES;
				CLANG_WARN_UNGUARDED_AVAILABILITY = YES_AGGRESSIVE;
				CLANG_WARN_UNREACHABLE_CODE = YES;
				CLANG_WARN__DUPLICATE_METHOD_MATCH = YES;
				COPY_PHASE_STRIP = NO;
				CURRENT_PROJECT_VERSION = 1;
				DEBUG_INFORMATION_FORMAT = dwarf;
				ENABLE_STRICT_OBJC_MSGSEND = YES;
				ENABLE_TESTABILITY = YES;
				GCC_C_LANGUAGE_STANDARD = gnu11;
				GCC_DYNAMIC_NO_PIC = NO;
				GCC_NO_COMMON_BLOCKS = YES;
				GCC_OPTIMIZATION_LEVEL = 0;
				GCC_PREPROCESSOR_DEFINITIONS = (
					"DEBUG=1",
					"$(inherited)",
				);
				GCC_WARN_64_TO_32_BIT_CONVERSION = YES;
				GCC_WARN_ABOUT_RETURN_TYPE = YES_ERROR;
				GCC_WARN_UNDECLARED_SELECTOR = YES;
				GCC_WARN_UNINITIALIZED_AUTOS = YES_AGGRESSIVE;
				GCC_WARN_UNUSED_FUNCTION = YES;
				GCC_WARN_UNUSED_VARIABLE = YES;
				MACOSX_DEPLOYMENT_TARGET = 12.0;
				MTL_ENABLE_DEBUG_INFO = INCLUDE_SOURCE;
				MTL_FAST_MATH = YES;
				ONLY_ACTIVE_ARCH = YES;
				SDKROOT = macosx;
				SWIFT_ACTIVE_COMPILATION_CONDITIONS = DEBUG;
				SWIFT_OPTIMIZATION_LEVEL = "-Onone";
				VERSIONING_SYSTEM = "apple-generic";
				VERSION_INFO_PREFIX = "";
			};
			name = Debug;
		};
		28B3F012290C207D000CD04D /* Release */ = {
			isa = XCBuildConfiguration;
			buildSettings = {
				ALWAYS_SEARCH_USER_PATHS = NO;
				CLANG_ANALYZER_NONNULL = YES;
				CLANG_ANALYZER_NUMBER_OBJECT_CONVERSION = YES_AGGRESSIVE;
				CLANG_CXX_LANGUAGE_STANDARD = "gnu++20";
				CLANG_ENABLE_MODULES = YES;
				CLANG_ENABLE_OBJC_ARC = YES;
				CLANG_ENABLE_OBJC_WEAK = YES;
				CLANG_WARN_BLOCK_CAPTURE_AUTORELEASING = YES;
				CLANG_WARN_BOOL_CONVERSION = YES;
				CLANG_WARN_COMMA = YES;
				CLANG_WARN_CONSTANT_CONVERSION = YES;
				CLANG_WARN_DEPRECATED_OBJC_IMPLEMENTATIONS = YES;
				CLANG_WARN_DIRECT_OBJC_ISA_USAGE = YES_ERROR;
				CLANG_WARN_DOCUMENTATION_COMMENTS = YES;
				CLANG_WARN_EMPTY_BODY = YES;
				CLANG_WARN_ENUM_CONVERSION = YES;
				CLANG_WARN_INFINITE_RECURSION = YES;
				CLANG_WARN_INT_CONVERSION = YES;
				CLANG_WARN_NON_LITERAL_NULL_CONVERSION = YES;
				CLANG_WARN_OBJC_IMPLICIT_RETAIN_SELF = YES;
				CLANG_WARN_OBJC_LITERAL_CONVERSION = YES;
				CLANG_WARN_OBJC_ROOT_CLASS = YES_ERROR;
				CLANG_WARN_QUOTED_INCLUDE_IN_FRAMEWORK_HEADER = YES;
				CLANG_WARN_RANGE_LOOP_ANALYSIS = YES;
				CLANG_WARN_STRICT_PROTOTYPES = YES;
				CLANG_WARN_SUSPICIOUS_MOVE = YES;
				CLANG_WARN_UNGUARDED_AVAILABILITY = YES_AGGRESSIVE;
				CLANG_WARN_UNREACHABLE_CODE = YES;
				CLANG_WARN__DUPLICATE_METHOD_MATCH = YES;
				COPY_PHASE_STRIP = NO;
				CURRENT_PROJECT_VERSION = 1;
				DEBUG_INFORMATION_FORMAT = "dwarf-with-dsym";
				ENABLE_NS_ASSERTIONS = NO;
				ENABLE_STRICT_OBJC_MSGSEND = YES;
				GCC_C_LANGUAGE_STANDARD = gnu11;
				GCC_NO_COMMON_BLOCKS = YES;
				GCC_WARN_64_TO_32_BIT_CONVERSION = YES;
				GCC_WARN_ABOUT_RETURN_TYPE = YES_ERROR;
				GCC_WARN_UNDECLARED_SELECTOR = YES;
				GCC_WARN_UNINITIALIZED_AUTOS = YES_AGGRESSIVE;
				GCC_WARN_UNUSED_FUNCTION = YES;
				GCC_WARN_UNUSED_VARIABLE = YES;
				MACOSX_DEPLOYMENT_TARGET = 12.0;
				MTL_ENABLE_DEBUG_INFO = NO;
				MTL_FAST_MATH = YES;
				SDKROOT = macosx;
				SWIFT_COMPILATION_MODE = wholemodule;
				SWIFT_OPTIMIZATION_LEVEL = "-O";
				VERSIONING_SYSTEM = "apple-generic";
				VERSION_INFO_PREFIX = "";
			};
			name = Release;
		};
/* End XCBuildConfiguration section */

/* Begin XCConfigurationList section */
		28B3F006290C207D000CD04D /* Build configuration list for PBXProject "CodeLanguages-Container" */ = {
			isa = XCConfigurationList;
			buildConfigurations = (
				28B3F011290C207D000CD04D /* Debug */,
				28B3F012290C207D000CD04D /* Release */,
			);
			defaultConfigurationIsVisible = 0;
			defaultConfigurationName = Release;
		};
/* End XCConfigurationList section */

/* Begin XCRemoteSwiftPackageReference section */
		28171CB629814CD800523F1C /* XCRemoteSwiftPackageReference "tree-sitter-objc" */ = {
			isa = XCRemoteSwiftPackageReference;
			repositoryURL = "https://github.com/lukepistrol/tree-sitter-objc";
			requirement = {
				branch = feature/spm;
				kind = branch;
			};
		};
		282E5975298051980064B34A /* XCRemoteSwiftPackageReference "tree-sitter-yaml" */ = {
			isa = XCRemoteSwiftPackageReference;
			repositoryURL = "https://github.com/lukepistrol/tree-sitter-yaml.git";
			requirement = {
				branch = feature/spm;
				kind = branch;
			};
		};
		2846B260296BA1CF005F60B6 /* XCRemoteSwiftPackageReference "tree-sitter-dockerfile" */ = {
			isa = XCRemoteSwiftPackageReference;
			repositoryURL = "https://github.com/camdencheek/tree-sitter-dockerfile.git";
			requirement = {
				branch = main;
				kind = branch;
			};
		};
		2886C786298135540023E016 /* XCRemoteSwiftPackageReference "tree-sitter-kotlin" */ = {
			isa = XCRemoteSwiftPackageReference;
			repositoryURL = "https://github.com/lukepistrol/tree-sitter-kotlin";
			requirement = {
				branch = "feature/spm-queries";
				kind = branch;
			};
		};
		28B3F02B290C35D9000CD04D /* XCRemoteSwiftPackageReference "tree-sitter-c" */ = {
			isa = XCRemoteSwiftPackageReference;
			repositoryURL = "https://github.com/tree-sitter/tree-sitter-c.git";
			requirement = {
				branch = master;
				kind = branch;
			};
		};
		28B3F02E290C35F9000CD04D /* XCRemoteSwiftPackageReference "tree-sitter-cpp" */ = {
			isa = XCRemoteSwiftPackageReference;
			repositoryURL = "https://github.com/tree-sitter/tree-sitter-cpp.git";
			requirement = {
				branch = master;
				kind = branch;
			};
		};
		28B3F031290C3608000CD04D /* XCRemoteSwiftPackageReference "tree-sitter-c-sharp" */ = {
			isa = XCRemoteSwiftPackageReference;
			repositoryURL = "https://github.com/tree-sitter/tree-sitter-c-sharp.git";
			requirement = {
				branch = master;
				kind = branch;
			};
		};
		28B3F034290C361D000CD04D /* XCRemoteSwiftPackageReference "tree-sitter-css" */ = {
			isa = XCRemoteSwiftPackageReference;
			repositoryURL = "https://github.com/lukepistrol/tree-sitter-css.git";
			requirement = {
				branch = feature/spm;
				kind = branch;
			};
		};
		28B3F037290C362C000CD04D /* XCRemoteSwiftPackageReference "tree-sitter-elixir" */ = {
			isa = XCRemoteSwiftPackageReference;
			repositoryURL = "https://github.com/elixir-lang/tree-sitter-elixir.git";
			requirement = {
				branch = main;
				kind = branch;
			};
		};
		28B3F03A290C363E000CD04D /* XCRemoteSwiftPackageReference "tree-sitter-go" */ = {
			isa = XCRemoteSwiftPackageReference;
			repositoryURL = "https://github.com/tree-sitter/tree-sitter-go.git";
			requirement = {
				branch = master;
				kind = branch;
			};
		};
		28B3F03D290C364D000CD04D /* XCRemoteSwiftPackageReference "tree-sitter-go-mod" */ = {
			isa = XCRemoteSwiftPackageReference;
			repositoryURL = "https://github.com/camdencheek/tree-sitter-go-mod.git";
			requirement = {
				branch = main;
				kind = branch;
			};
		};
		28B3F040290C365C000CD04D /* XCRemoteSwiftPackageReference "tree-sitter-haskell" */ = {
			isa = XCRemoteSwiftPackageReference;
			repositoryURL = "https://github.com/tree-sitter/tree-sitter-haskell.git";
			requirement = {
				branch = master;
				kind = branch;
			};
		};
		28B3F043290C366D000CD04D /* XCRemoteSwiftPackageReference "tree-sitter-html" */ = {
			isa = XCRemoteSwiftPackageReference;
			repositoryURL = "https://github.com/mattmassicotte/tree-sitter-html.git";
			requirement = {
				branch = feature/spm;
				kind = branch;
			};
		};
		28B3F046290C367C000CD04D /* XCRemoteSwiftPackageReference "tree-sitter-java" */ = {
			isa = XCRemoteSwiftPackageReference;
			repositoryURL = "https://github.com/tree-sitter/tree-sitter-java.git";
			requirement = {
				branch = master;
				kind = branch;
			};
		};
		28B3F049290C368B000CD04D /* XCRemoteSwiftPackageReference "tree-sitter-javascript" */ = {
			isa = XCRemoteSwiftPackageReference;
			repositoryURL = "https://github.com/tree-sitter/tree-sitter-javascript.git";
			requirement = {
				branch = master;
				kind = branch;
			};
		};
		28B3F04C290C3698000CD04D /* XCRemoteSwiftPackageReference "tree-sitter-json" */ = {
			isa = XCRemoteSwiftPackageReference;
			repositoryURL = "https://github.com/tree-sitter/tree-sitter-json.git";
			requirement = {
				branch = master;
				kind = branch;
			};
		};
		28B3F04F290C36B1000CD04D /* XCRemoteSwiftPackageReference "tree-sitter-php" */ = {
			isa = XCRemoteSwiftPackageReference;
			repositoryURL = "https://github.com/tree-sitter/tree-sitter-php.git";
			requirement = {
				branch = master;
				kind = branch;
			};
		};
		28B3F052290C36C5000CD04D /* XCRemoteSwiftPackageReference "tree-sitter-python" */ = {
			isa = XCRemoteSwiftPackageReference;
			repositoryURL = "https://github.com/lukepistrol/tree-sitter-python.git";
			requirement = {
				branch = feature/spm;
				kind = branch;
			};
		};
		28B3F055290C36D5000CD04D /* XCRemoteSwiftPackageReference "tree-sitter-ruby" */ = {
			isa = XCRemoteSwiftPackageReference;
			repositoryURL = "https://github.com/tree-sitter/tree-sitter-ruby.git";
			requirement = {
				branch = master;
				kind = branch;
			};
		};
		28B3F058290C36E5000CD04D /* XCRemoteSwiftPackageReference "tree-sitter-rust" */ = {
			isa = XCRemoteSwiftPackageReference;
			repositoryURL = "https://github.com/tree-sitter/tree-sitter-rust.git";
			requirement = {
				branch = master;
				kind = branch;
			};
		};
		28B3F05B290C3709000CD04D /* XCRemoteSwiftPackageReference "tree-sitter-swift" */ = {
			isa = XCRemoteSwiftPackageReference;
			repositoryURL = "https://github.com/alex-pinkus/tree-sitter-swift.git";
			requirement = {
				branch = "with-generated-files";
				kind = branch;
			};
		};
		28B3F061290C372D000CD04D /* XCRemoteSwiftPackageReference "tree-sitter-zig" */ = {
			isa = XCRemoteSwiftPackageReference;
			repositoryURL = "https://github.com/maxxnino/tree-sitter-zig.git";
			requirement = {
				branch = main;
				kind = branch;
			};
		};
		28B9F7A6290DDAB500245748 /* XCRemoteSwiftPackageReference "tree-sitter-bash" */ = {
			isa = XCRemoteSwiftPackageReference;
			repositoryURL = "https://github.com/tree-sitter/tree-sitter-bash.git";
			requirement = {
				branch = master;
				kind = branch;
			};
		};
		853C9FA229AA60CE00D2F18A /* XCRemoteSwiftPackageReference "TreeSitterTOML" */ = {
			isa = XCRemoteSwiftPackageReference;
			repositoryURL = "https://github.com/iggy890/tree-sitter-toml.git";
			requirement = {
				branch = feature/spm;
				kind = branch;
			};
		};
		9D6DA3B6298F1A4500E69066 /* XCRemoteSwiftPackageReference "tree-sitter-ocaml" */ = {
			isa = XCRemoteSwiftPackageReference;
			repositoryURL = "https://github.com/cengelbart39/tree-sitter-ocaml.git";
			requirement = {
				branch = feature/spm;
				kind = branch;
			};
		};
/* End XCRemoteSwiftPackageReference section */
	};
	rootObject = 28B3F003290C207D000CD04D /* Project object */;
}
